
Microsoft Visual Studio Solution File, Format Version 12.00
# Visual Studio Version 16
VisualStudioVersion = 16.0.29519.87
MinimumVisualStudioVersion = 10.0.40219.1
Project("{FAE04EC0-301F-11D3-BF4B-00C04F79EFBC}") = "OCR_Demo", "OCR_Demo\OCR_Demo.csproj", "{BCC2589D-10B6-4F28-A33F-F63EB052C528}"
EndProject
Global
	GlobalSection(SolutionConfigurationPlatforms) = preSolution
		Debug|Any CPU = Debug|Any CPU
		Release|Any CPU = Release|Any CPU
	EndGlobalSection
	GlobalSection(ProjectConfigurationPlatforms) = postSolution
		{BCC2589D-10B6-4F28-A33F-F63EB052C528}.Debug|Any CPU.ActiveCfg = Debug|Any CPU
		{BCC2589D-10B6-4F28-A33F-F63EB052C528}.Debug|Any CPU.Build.0 = Debug|Any CPU
		{BCC2589D-10B6-4F28-A33F-F63EB052C528}.Release|Any CPU.ActiveCfg = Release|Any CPU
		{BCC2589D-10B6-4F28-A33F-F63EB052C528}.Release|Any CPU.Build.0 = Release|Any CPU
	EndGlobalSection
	GlobalSection(SolutionProperties) = preSolution
		HideSolutionNode = FALSE
	EndGlobalSection
	GlobalSection(ExtensibilityGlobals) = postSolution
		SolutionGuid = {F8A47615-BAB8-49B6-9021-8EA046911650}
	EndGlobalSection
EndGlobal
